# This file is machine-generated by `gh actions-lock`.
# Do not edit by hand; run `gh actions-lock` to update.
# Docs: https://gh.io/actions-lockfile
version: 'v0.0.2'
workflows:
    '.github/workflows/render-dashboards.yml':
        - 'actions/checkout@v4.4.0'
        - 'kobtea/setup-jsonnet-action@v2'
        - 'peter-evans/create-pull-request@v6.1.0'
dependencies:
    'actions/checkout@v4.4.0':
        ref: 'v4.4.0'
        commit: 'sha1-11d5960a326750d5838078e36cf38b85af677262'
        owner_id: 44036562
        repo_id: 197814629
    'kobtea/setup-jsonnet-action@v2':
        ref: 'v2'
        commit: 'sha1-78f57bb20bd6cf4914c27dd44610a7d923455ecf'
        owner_id: 1685207
        repo_id: 428686477
    'peter-evans/create-pull-request@v6.1.0':
        ref: 'v6.1.0'
        commit: 'sha1-c5a7806660adbe173f04e3e038b0ccdcd758773c'
        owner_id: 18365890
        repo_id: 197176365
